
Microsoft Visual Studio Solution File, Format Version 12.00
# Visual Studio Version 16
VisualStudioVersion = 16.0.30907.101
MinimumVisualStudioVersion = 10.0.40219.1
Project("{FAE04EC0-301F-11D3-BF4B-00C04F79EFBC}") = "ClassMetotDemo", "ClassMetotDemo\ClassMetotDemo.csproj", "{7C760D4F-0340-44F0-ACF2-15D8145CABC9}"
EndProject
Global
	GlobalSection(SolutionConfigurationPlatforms) = preSolution
		Debug|Any CPU = Debug|Any CPU
		Release|Any CPU = Release|Any CPU
	EndGlobalSection
	GlobalSection(ProjectConfigurationPlatforms) = postSolution
		{7C760D4F-0340-44F0-ACF2-15D8145CABC9}.Debug|Any CPU.ActiveCfg = Debug|Any CPU
		{7C760D4F-0340-44F0-ACF2-15D8145CABC9}.Debug|Any CPU.Build.0 = Debug|Any CPU
		{7C760D4F-0340-44F0-ACF2-15D8145CABC9}.Release|Any CPU.ActiveCfg = Release|Any CPU
		{7C760D4F-0340-44F0-ACF2-15D8145CABC9}.Release|Any CPU.Build.0 = Release|Any CPU
	EndGlobalSection
	GlobalSection(SolutionProperties) = preSolution
		HideSolutionNode = FALSE
	EndGlobalSection
	GlobalSection(ExtensibilityGlobals) = postSolution
		SolutionGuid = {83287AFA-CA27-415E-AEF3-2F51E37D214D}
	EndGlobalSection
EndGlobal
